
Microsoft Visual Studio Solution File, Format Version 12.00
# Visual Studio Version 17
VisualStudioVersion = 17.14.36301.6
MinimumVisualStudioVersion = 10.0.40219.1
Project("{FAE04EC0-301F-11D3-BF4B-00C04F79EFBC}") = "StaticWikiCore", "StaticWikiCore\StaticWikiCore.csproj", "{AED18D88-6605-4FB3-BAA9-78927DCAE3E1}"
EndProject
Project("{FAE04EC0-301F-11D3-BF4B-00C04F79EFBC}") = "StaticWiki", "StaticWiki\StaticWiki.csproj", "{CC974A49-66A8-4318-A8B6-65ABC72AA345}"
EndProject
Project("{FAE04EC0-301F-11D3-BF4B-00C04F79EFBC}") = "StaticWikiHelper", "StaticWikiHelper\StaticWikiHelper.csproj", "{DDD97B4E-2736-4C60-BCD3-DBE3264D9D7C}"
EndProject
Global
	GlobalSection(SolutionConfigurationPlatforms) = preSolution
		Debug|Any CPU = Debug|Any CPU
		Release|Any CPU = Release|Any CPU
	EndGlobalSection
	GlobalSection(ProjectConfigurationPlatforms) = postSolution
		{AED18D88-6605-4FB3-BAA9-78927DCAE3E1}.Debug|Any CPU.ActiveCfg = Debug|Any CPU
		{AED18D88-6605-4FB3-BAA9-78927DCAE3E1}.Debug|Any CPU.Build.0 = Debug|Any CPU
		{AED18D88-6605-4FB3-BAA9-78927DCAE3E1}.Release|Any CPU.ActiveCfg = Release|Any CPU
		{AED18D88-6605-4FB3-BAA9-78927DCAE3E1}.Release|Any CPU.Build.0 = Release|Any CPU
		{CC974A49-66A8-4318-A8B6-65ABC72AA345}.Debug|Any CPU.ActiveCfg = Debug|Any CPU
		{CC974A49-66A8-4318-A8B6-65ABC72AA345}.Debug|Any CPU.Build.0 = Debug|Any CPU
		{CC974A49-66A8-4318-A8B6-65ABC72AA345}.Release|Any CPU.ActiveCfg = Release|Any CPU
		{CC974A49-66A8-4318-A8B6-65ABC72AA345}.Release|Any CPU.Build.0 = Release|Any CPU
		{DDD97B4E-2736-4C60-BCD3-DBE3264D9D7C}.Debug|Any CPU.ActiveCfg = Debug|Any CPU
		{DDD97B4E-2736-4C60-BCD3-DBE3264D9D7C}.Debug|Any CPU.Build.0 = Debug|Any CPU
		{DDD97B4E-2736-4C60-BCD3-DBE3264D9D7C}.Release|Any CPU.ActiveCfg = Release|Any CPU
		{DDD97B4E-2736-4C60-BCD3-DBE3264D9D7C}.Release|Any CPU.Build.0 = Release|Any CPU
	EndGlobalSection
	GlobalSection(SolutionProperties) = preSolution
		HideSolutionNode = FALSE
	EndGlobalSection
	GlobalSection(ExtensibilityGlobals) = postSolution
		SolutionGuid = {436C8285-360A-4395-8739-74C62E3DDD43}
	EndGlobalSection
EndGlobal
