
Microsoft Visual Studio Solution File, Format Version 12.00
# Visual Studio 14
VisualStudioVersion = 14.0.25420.1
MinimumVisualStudioVersion = 10.0.40219.1
Project("{FAE04EC0-301F-11D3-BF4B-00C04F79EFBC}") = "StaticWiki", "StaticWiki\StaticWiki.csproj", "{1A82C1CB-B48F-4B2A-A2F1-B9C2094FB615}"
	ProjectSection(ProjectDependencies) = postProject
		{F180A3D7-2DAD-4727-B9A9-20C5A79F034C} = {F180A3D7-2DAD-4727-B9A9-20C5A79F034C}
	EndProjectSection
EndProject
Project("{FAE04EC0-301F-11D3-BF4B-00C04F79EFBC}") = "StaticWikiCore", "StaticWikiCore\StaticWikiCore.csproj", "{F180A3D7-2DAD-4727-B9A9-20C5A79F034C}"
EndProject
Project("{FAE04EC0-301F-11D3-BF4B-00C04F79EFBC}") = "StaticWikiHelper", "StaticWikiHelper\StaticWikiHelper.csproj", "{004193A9-0359-4169-8F2E-31F270DB63D8}"
EndProject
Global
	GlobalSection(SolutionConfigurationPlatforms) = preSolution
		Debug|Any CPU = Debug|Any CPU
		Release|Any CPU = Release|Any CPU
	EndGlobalSection
	GlobalSection(ProjectConfigurationPlatforms) = postSolution
		{1A82C1CB-B48F-4B2A-A2F1-B9C2094FB615}.Debug|Any CPU.ActiveCfg = Debug|Any CPU
		{1A82C1CB-B48F-4B2A-A2F1-B9C2094FB615}.Debug|Any CPU.Build.0 = Debug|Any CPU
		{1A82C1CB-B48F-4B2A-A2F1-B9C2094FB615}.Release|Any CPU.ActiveCfg = Release|Any CPU
		{1A82C1CB-B48F-4B2A-A2F1-B9C2094FB615}.Release|Any CPU.Build.0 = Release|Any CPU
		{F180A3D7-2DAD-4727-B9A9-20C5A79F034C}.Debug|Any CPU.ActiveCfg = Debug|Any CPU
		{F180A3D7-2DAD-4727-B9A9-20C5A79F034C}.Debug|Any CPU.Build.0 = Debug|Any CPU
		{F180A3D7-2DAD-4727-B9A9-20C5A79F034C}.Release|Any CPU.ActiveCfg = Release|Any CPU
		{F180A3D7-2DAD-4727-B9A9-20C5A79F034C}.Release|Any CPU.Build.0 = Release|Any CPU
		{004193A9-0359-4169-8F2E-31F270DB63D8}.Debug|Any CPU.ActiveCfg = Debug|Any CPU
		{004193A9-0359-4169-8F2E-31F270DB63D8}.Debug|Any CPU.Build.0 = Debug|Any CPU
		{004193A9-0359-4169-8F2E-31F270DB63D8}.Release|Any CPU.ActiveCfg = Release|Any CPU
		{004193A9-0359-4169-8F2E-31F270DB63D8}.Release|Any CPU.Build.0 = Release|Any CPU
	EndGlobalSection
	GlobalSection(SolutionProperties) = preSolution
		HideSolutionNode = FALSE
	EndGlobalSection
EndGlobal
